// !$*UTF8*$!
{
	archiveVersion = 1;
	classes = {
	};
	objectVersion = 56;
	objects = {

/* Begin PBXBuildFile section */
		64842AEB29673E4C002C6A35 /* PokeShuffleApp.swift in Sources */ = {isa = PBXBuildFile; fileRef = 64842AEA29673E4C002C6A35 /* PokeShuffleApp.swift */; };
		64842AED29673E4C002C6A35 /* ContentView.swift in Sources */ = {isa = PBXBuildFile; fileRef = 64842AEC29673E4C002C6A35 /* ContentView.swift */; };
		64842AEF29673E4D002C6A35 /* Assets.xcassets in Resources */ = {isa = PBXBuildFile; fileRef = 64842AEE29673E4D002C6A35 /* Assets.xcassets */; };
		64842AF229673E4D002C6A35 /* Preview Assets.xcassets in Resources */ = {isa = PBXBuildFile; fileRef = 64842AF129673E4D002C6A35 /* Preview Assets.xcassets */; };
		64842AFC29673E4E002C6A35 /* PokeShuffleTests.swift in Sources */ = {isa = PBXBuildFile; fileRef = 64842AFB29673E4E002C6A35 /* PokeShuffleTests.swift */; };
		64842B0629673E4E002C6A35 /* PokeShuffleUITests.swift in Sources */ = {isa = PBXBuildFile; fileRef = 64842B0529673E4E002C6A35 /* PokeShuffleUITests.swift */; };
		64842B0829673E4E002C6A35 /* PokeShuffleUITestsLaunchTests.swift in Sources */ = {isa = PBXBuildFile; fileRef = 64842B0729673E4E002C6A35 /* PokeShuffleUITestsLaunchTests.swift */; };
		64842B16296755CC002C6A35 /* PokemonAPI in Frameworks */ = {isa = PBXBuildFile; productRef = 64842B15296755CC002C6A35 /* PokemonAPI */; };
		64842B1D2967626A002C6A35 /* PokemonService.swift in Sources */ = {isa = PBXBuildFile; fileRef = 64842B1C2967626A002C6A35 /* PokemonService.swift */; };
		64842B1F29679C37002C6A35 /* PokemonImageViewModel.swift in Sources */ = {isa = PBXBuildFile; fileRef = 64842B1E29679C37002C6A35 /* PokemonImageViewModel.swift */; };
		64842B222968898B002C6A35 /* PokemonImageView.swift in Sources */ = {isa = PBXBuildFile; fileRef = 64842B212968898B002C6A35 /* PokemonImageView.swift */; };
		64842B252969065D002C6A35 /* Pokemon.swift in Sources */ = {isa = PBXBuildFile; fileRef = 64842B242969065D002C6A35 /* Pokemon.swift */; };
		64842B28296E039B002C6A35 /* SubmitButtonView.swift in Sources */ = {isa = PBXBuildFile; fileRef = 64842B27296E039B002C6A35 /* SubmitButtonView.swift */; };
		64D652442971FAD90076E959 /* Image+Ext.swift in Sources */ = {isa = PBXBuildFile; fileRef = 64D652432971FAD90076E959 /* Image+Ext.swift */; };
		64F5EDDE296F81FD00F3DC97 /* Color+Ext.swift in Sources */ = {isa = PBXBuildFile; fileRef = 64F5EDDD296F81FD00F3DC97 /* Color+Ext.swift */; };
		64F5EDE12970D4E000F3DC97 /* Int+Ext.swift in Sources */ = {isa = PBXBuildFile; fileRef = 64F5EDE02970D4E000F3DC97 /* Int+Ext.swift */; };
		64F5EDE32970E6C900F3DC97 /* ShuffleButtonView.swift in Sources */ = {isa = PBXBuildFile; fileRef = 64F5EDE22970E6C900F3DC97 /* ShuffleButtonView.swift */; };
		64F5EDE52970E99900F3DC97 /* Game.swift in Sources */ = {isa = PBXBuildFile; fileRef = 64F5EDE42970E99900F3DC97 /* Game.swift */; };
/* End PBXBuildFile section */

/* Begin PBXContainerItemProxy section */
		64842AF829673E4E002C6A35 /* PBXContainerItemProxy */ = {
			isa = PBXContainerItemProxy;
			containerPortal = 64842ADF29673E4C002C6A35 /* Project object */;
			proxyType = 1;
			remoteGlobalIDString = 64842AE629673E4C002C6A35;
			remoteInfo = PokeShuffle;
		};
		64842B0229673E4E002C6A35 /* PBXContainerItemProxy */ = {
			isa = PBXContainerItemProxy;
			containerPortal = 64842ADF29673E4C002C6A35 /* Project object */;
			proxyType = 1;
			remoteGlobalIDString = 64842AE629673E4C002C6A35;
			remoteInfo = PokeShuffle;
		};
/* End PBXContainerItemProxy section */

/* Begin PBXFileReference section */
		64842AE729673E4C002C6A35 /* PokeShuffle.app */ = {isa = PBXFileReference; explicitFileType = wrapper.application; includeInIndex = 0; path = PokeShuffle.app; sourceTree = BUILT_PRODUCTS_DIR; };
		64842AEA29673E4C002C6A35 /* PokeShuffleApp.swift */ = {isa = PBXFileReference; lastKnownFileType = sourcecode.swift; path = PokeShuffleApp.swift; sourceTree = "<group>"; };
		64842AEC29673E4C002C6A35 /* ContentView.swift */ = {isa = PBXFileReference; lastKnownFileType = sourcecode.swift; path = ContentView.swift; sourceTree = "<group>"; };
		64842AEE29673E4D002C6A35 /* Assets.xcassets */ = {isa = PBXFileReference; lastKnownFileType = folder.assetcatalog; path = Assets.xcassets; sourceTree = "<group>"; };
		64842AF129673E4D002C6A35 /* Preview Assets.xcassets */ = {isa = PBXFileReference; lastKnownFileType = folder.assetcatalog; path = "Preview Assets.xcassets"; sourceTree = "<group>"; };
		64842AF729673E4E002C6A35 /* PokeShuffleTests.xctest */ = {isa = PBXFileReference; explicitFileType = wrapper.cfbundle; includeInIndex = 0; path = PokeShuffleTests.xctest; sourceTree = BUILT_PRODUCTS_DIR; };
		64842AFB29673E4E002C6A35 /* PokeShuffleTests.swift */ = {isa = PBXFileReference; lastKnownFileType = sourcecode.swift; path = PokeShuffleTests.swift; sourceTree = "<group>"; };
		64842B0129673E4E002C6A35 /* PokeShuffleUITests.xctest */ = {isa = PBXFileReference; explicitFileType = wrapper.cfbundle; includeInIndex = 0; path = PokeShuffleUITests.xctest; sourceTree = BUILT_PRODUCTS_DIR; };
		64842B0529673E4E002C6A35 /* PokeShuffleUITests.swift */ = {isa = PBXFileReference; lastKnownFileType = sourcecode.swift; path = PokeShuffleUITests.swift; sourceTree = "<group>"; };
		64842B0729673E4E002C6A35 /* PokeShuffleUITestsLaunchTests.swift */ = {isa = PBXFileReference; lastKnownFileType = sourcecode.swift; path = PokeShuffleUITestsLaunchTests.swift; sourceTree = "<group>"; };
		64842B1C2967626A002C6A35 /* PokemonService.swift */ = {isa = PBXFileReference; lastKnownFileType = sourcecode.swift; path = PokemonService.swift; sourceTree = "<group>"; };
		64842B1E29679C37002C6A35 /* PokemonImageViewModel.swift */ = {isa = PBXFileReference; lastKnownFileType = sourcecode.swift; path = PokemonImageViewModel.swift; sourceTree = "<group>"; };
		64842B212968898B002C6A35 /* PokemonImageView.swift */ = {isa = PBXFileReference; lastKnownFileType = sourcecode.swift; path = PokemonImageView.swift; sourceTree = "<group>"; };
		64842B242969065D002C6A35 /* Pokemon.swift */ = {isa = PBXFileReference; lastKnownFileType = sourcecode.swift; path = Pokemon.swift; sourceTree = "<group>"; };
		64842B27296E039B002C6A35 /* SubmitButtonView.swift */ = {isa = PBXFileReference; lastKnownFileType = sourcecode.swift; path = SubmitButtonView.swift; sourceTree = "<group>"; };
		64D652432971FAD90076E959 /* Image+Ext.swift */ = {isa = PBXFileReference; lastKnownFileType = sourcecode.swift; path = "Image+Ext.swift"; sourceTree = "<group>"; };
		64F5EDDD296F81FD00F3DC97 /* Color+Ext.swift */ = {isa = PBXFileReference; lastKnownFileType = sourcecode.swift; path = "Color+Ext.swift"; sourceTree = "<group>"; };
		64F5EDE02970D4E000F3DC97 /* Int+Ext.swift */ = {isa = PBXFileReference; lastKnownFileType = sourcecode.swift; path = "Int+Ext.swift"; sourceTree = "<group>"; };
		64F5EDE22970E6C900F3DC97 /* ShuffleButtonView.swift */ = {isa = PBXFileReference; lastKnownFileType = sourcecode.swift; path = ShuffleButtonView.swift; sourceTree = "<group>"; };
		64F5EDE42970E99900F3DC97 /* Game.swift */ = {isa = PBXFileReference; lastKnownFileType = sourcecode.swift; path = Game.swift; sourceTree = "<group>"; };
/* End PBXFileReference section */

/* Begin PBXFrameworksBuildPhase section */
		64842AE429673E4C002C6A35 /* Frameworks */ = {
			isa = PBXFrameworksBuildPhase;
			buildActionMask = 2147483647;
			files = (
				64842B16296755CC002C6A35 /* PokemonAPI in Frameworks */,
			);
			runOnlyForDeploymentPostprocessing = 0;
		};
		64842AF429673E4E002C6A35 /* Frameworks */ = {
			isa = PBXFrameworksBuildPhase;
			buildActionMask = 2147483647;
			files = (
			);
			runOnlyForDeploymentPostprocessing = 0;
		};
		64842AFE29673E4E002C6A35 /* Frameworks */ = {
			isa = PBXFrameworksBuildPhase;
			buildActionMask = 2147483647;
			files = (
			);
			runOnlyForDeploymentPostprocessing = 0;
		};
/* End PBXFrameworksBuildPhase section */

/* Begin PBXGroup section */
		64842ADE29673E4C002C6A35 = {
			isa = PBXGroup;
			children = (
				64842AE929673E4C002C6A35 /* PokeShuffle */,
				64842AFA29673E4E002C6A35 /* PokeShuffleTests */,
				64842B0429673E4E002C6A35 /* PokeShuffleUITests */,
				64842AE829673E4C002C6A35 /* Products */,
			);
			sourceTree = "<group>";
		};
		64842AE829673E4C002C6A35 /* Products */ = {
			isa = PBXGroup;
			children = (
				64842AE729673E4C002C6A35 /* PokeShuffle.app */,
				64842AF729673E4E002C6A35 /* PokeShuffleTests.xctest */,
				64842B0129673E4E002C6A35 /* PokeShuffleUITests.xctest */,
			);
			name = Products;
			sourceTree = "<group>";
		};
		64842AE929673E4C002C6A35 /* PokeShuffle */ = {
			isa = PBXGroup;
			children = (
				64842AEC29673E4C002C6A35 /* ContentView.swift */,
				64842AEA29673E4C002C6A35 /* PokeShuffleApp.swift */,
				64842B2029688968002C6A35 /* PokemonImageView */,
				64842B26296E0331002C6A35 /* ButtonView */,
				64842B2329690642002C6A35 /* Models */,
				64842B1C2967626A002C6A35 /* PokemonService.swift */,
				64842AEE29673E4D002C6A35 /* Assets.xcassets */,
				64F5EDDF2970D4B800F3DC97 /* Extensions */,
				64842AF029673E4D002C6A35 /* Preview Content */,
			);
			path = PokeShuffle;
			sourceTree = "<group>";
		};
		64842AF029673E4D002C6A35 /* Preview Content */ = {
			isa = PBXGroup;
			children = (
				64842AF129673E4D002C6A35 /* Preview Assets.xcassets */,
			);
			path = "Preview Content";
			sourceTree = "<group>";
		};
		64842AFA29673E4E002C6A35 /* PokeShuffleTests */ = {
			isa = PBXGroup;
			children = (
				64842AFB29673E4E002C6A35 /* PokeShuffleTests.swift */,
			);
			path = PokeShuffleTests;
			sourceTree = "<group>";
		};
		64842B0429673E4E002C6A35 /* PokeShuffleUITests */ = {
			isa = PBXGroup;
			children = (
				64842B0529673E4E002C6A35 /* PokeShuffleUITests.swift */,
				64842B0729673E4E002C6A35 /* PokeShuffleUITestsLaunchTests.swift */,
			);
			path = PokeShuffleUITests;
			sourceTree = "<group>";
		};
		64842B2029688968002C6A35 /* PokemonImageView */ = {
			isa = PBXGroup;
			children = (
				64842B1E29679C37002C6A35 /* PokemonImageViewModel.swift */,
				64842B212968898B002C6A35 /* PokemonImageView.swift */,
			);
			path = PokemonImageView;
			sourceTree = "<group>";
		};
		64842B2329690642002C6A35 /* Models */ = {
			isa = PBXGroup;
			children = (
				64F5EDE42970E99900F3DC97 /* Game.swift */,
				64842B242969065D002C6A35 /* Pokemon.swift */,
			);
			path = Models;
			sourceTree = "<group>";
		};
		64842B26296E0331002C6A35 /* ButtonView */ = {
			isa = PBXGroup;
			children = (
				64842B27296E039B002C6A35 /* SubmitButtonView.swift */,
				64F5EDE22970E6C900F3DC97 /* ShuffleButtonView.swift */,
			);
			path = ButtonView;
			sourceTree = "<group>";
		};
		64F5EDDF2970D4B800F3DC97 /* Extensions */ = {
			isa = PBXGroup;
			children = (
				64F5EDDD296F81FD00F3DC97 /* Color+Ext.swift */,
				64F5EDE02970D4E000F3DC97 /* Int+Ext.swift */,
				64D652432971FAD90076E959 /* Image+Ext.swift */,
			);
			path = Extensions;
			sourceTree = "<group>";
		};
/* End PBXGroup section */

/* Begin PBXNativeTarget section */
		64842AE629673E4C002C6A35 /* PokeShuffle */ = {
			isa = PBXNativeTarget;
			buildConfigurationList = 64842B0B29673E4E002C6A35 /* Build configuration list for PBXNativeTarget "PokeShuffle" */;
			buildPhases = (
				64842AE329673E4C002C6A35 /* Sources */,
				64842AE429673E4C002C6A35 /* Frameworks */,
				64842AE529673E4C002C6A35 /* Resources */,
			);
			buildRules = (
			);
			dependencies = (
			);
			name = PokeShuffle;
			packageProductDependencies = (
				64842B15296755CC002C6A35 /* PokemonAPI */,
			);
			productName = PokeShuffle;
			productReference = 64842AE729673E4C002C6A35 /* PokeShuffle.app */;
			productType = "com.apple.product-type.application";
		};
		64842AF629673E4E002C6A35 /* PokeShuffleTests */ = {
			isa = PBXNativeTarget;
			buildConfigurationList = 64842B0E29673E4E002C6A35 /* Build configuration list for PBXNativeTarget "PokeShuffleTests" */;
			buildPhases = (
				64842AF329673E4E002C6A35 /* Sources */,
				64842AF429673E4E002C6A35 /* Frameworks */,
				64842AF529673E4E002C6A35 /* Resources */,
			);
			buildRules = (
			);
			dependencies = (
				64842AF929673E4E002C6A35 /* PBXTargetDependency */,
			);
			name = PokeShuffleTests;
			productName = PokeShuffleTests;
			productReference = 64842AF729673E4E002C6A35 /* PokeShuffleTests.xctest */;
			productType = "com.apple.product-type.bundle.unit-test";
		};
		64842B0029673E4E002C6A35 /* PokeShuffleUITests */ = {
			isa = PBXNativeTarget;
			buildConfigurationList = 64842B1129673E4E002C6A35 /* Build configuration list for PBXNativeTarget "PokeShuffleUITests" */;
			buildPhases = (
				64842AFD29673E4E002C6A35 /* Sources */,
				64842AFE29673E4E002C6A35 /* Frameworks */,
				64842AFF29673E4E002C6A35 /* Resources */,
			);
			buildRules = (
			);
			dependencies = (
				64842B0329673E4E002C6A35 /* PBXTargetDependency */,
			);
			name = PokeShuffleUITests;
			productName = PokeShuffleUITests;
			productReference = 64842B0129673E4E002C6A35 /* PokeShuffleUITests.xctest */;
			productType = "com.apple.product-type.bundle.ui-testing";
		};
/* End PBXNativeTarget section */

/* Begin PBXProject section */
		64842ADF29673E4C002C6A35 /* Project object */ = {
			isa = PBXProject;
			attributes = {
				BuildIndependentTargetsInParallel = 1;
				LastSwiftUpdateCheck = 1420;
				LastUpgradeCheck = 1420;
				TargetAttributes = {
					64842AE629673E4C002C6A35 = {
						CreatedOnToolsVersion = 14.2;
					};
					64842AF629673E4E002C6A35 = {
						CreatedOnToolsVersion = 14.2;
						TestTargetID = 64842AE629673E4C002C6A35;
					};
					64842B0029673E4E002C6A35 = {
						CreatedOnToolsVersion = 14.2;
						TestTargetID = 64842AE629673E4C002C6A35;
					};
				};
			};
			buildConfigurationList = 64842AE229673E4C002C6A35 /* Build configuration list for PBXProject "PokeShuffle" */;
			compatibilityVersion = "Xcode 14.0";
			developmentRegion = en;
			hasScannedForEncodings = 0;
			knownRegions = (
				en,
				Base,
			);
			mainGroup = 64842ADE29673E4C002C6A35;
			packageReferences = (
				64842B14296755CC002C6A35 /* XCRemoteSwiftPackageReference "PokemonAPI" */,
			);
			productRefGroup = 64842AE829673E4C002C6A35 /* Products */;
			projectDirPath = "";
			projectRoot = "";
			targets = (
				64842AE629673E4C002C6A35 /* PokeShuffle */,
				64842AF629673E4E002C6A35 /* PokeShuffleTests */,
				64842B0029673E4E002C6A35 /* PokeShuffleUITests */,
			);
		};
/* End PBXProject section */

/* Begin PBXResourcesBuildPhase section */
		64842AE529673E4C002C6A35 /* Resources */ = {
			isa = PBXResourcesBuildPhase;
			buildActionMask = 2147483647;
			files = (
				64842AF229673E4D002C6A35 /* Preview Assets.xcassets in Resources */,
				64842AEF29673E4D002C6A35 /* Assets.xcassets in Resources */,
			);
			runOnlyForDeploymentPostprocessing = 0;
		};
		64842AF529673E4E002C6A35 /* Resources */ = {
			isa = PBXResourcesBuildPhase;
			buildActionMask = 2147483647;
			files = (
			);
			runOnlyForDeploymentPostprocessing = 0;
		};
		64842AFF29673E4E002C6A35 /* Resources */ = {
			isa = PBXResourcesBuildPhase;
			buildActionMask = 2147483647;
			files = (
			);
			runOnlyForDeploymentPostprocessing = 0;
		};
/* End PBXResourcesBuildPhase section */

/* Begin PBXSourcesBuildPhase section */
		64842AE329673E4C002C6A35 /* Sources */ = {
			isa = PBXSourcesBuildPhase;
			buildActionMask = 2147483647;
			files = (
				64842AED29673E4C002C6A35 /* ContentView.swift in Sources */,
				64F5EDDE296F81FD00F3DC97 /* Color+Ext.swift in Sources */,
				64842AEB29673E4C002C6A35 /* PokeShuffleApp.swift in Sources */,
				64842B1D2967626A002C6A35 /* PokemonService.swift in Sources */,
				64F5EDE12970D4E000F3DC97 /* Int+Ext.swift in Sources */,
				64D652442971FAD90076E959 /* Image+Ext.swift in Sources */,
				64F5EDE32970E6C900F3DC97 /* ShuffleButtonView.swift in Sources */,
				64842B1F29679C37002C6A35 /* PokemonImageViewModel.swift in Sources */,
				64842B222968898B002C6A35 /* PokemonImageView.swift in Sources */,
				64F5EDE52970E99900F3DC97 /* Game.swift in Sources */,
				64842B252969065D002C6A35 /* Pokemon.swift in Sources */,
				64842B28296E039B002C6A35 /* SubmitButtonView.swift in Sources */,
			);
			runOnlyForDeploymentPostprocessing = 0;
		};
		64842AF329673E4E002C6A35 /* Sources */ = {
			isa = PBXSourcesBuildPhase;
			buildActionMask = 2147483647;
			files = (
				64842AFC29673E4E002C6A35 /* PokeShuffleTests.swift in Sources */,
			);
			runOnlyForDeploymentPostprocessing = 0;
		};
		64842AFD29673E4E002C6A35 /* Sources */ = {
			isa = PBXSourcesBuildPhase;
			buildActionMask = 2147483647;
			files = (
				64842B0629673E4E002C6A35 /* PokeShuffleUITests.swift in Sources */,
				64842B0829673E4E002C6A35 /* PokeShuffleUITestsLaunchTests.swift in Sources */,
			);
			runOnlyForDeploymentPostprocessing = 0;
		};
/* End PBXSourcesBuildPhase section */

/* Begin PBXTargetDependency section */
		64842AF929673E4E002C6A35 /* PBXTargetDependency */ = {
			isa = PBXTargetDependency;
			target = 64842AE629673E4C002C6A35 /* PokeShuffle */;
			targetProxy = 64842AF829673E4E002C6A35 /* PBXContainerItemProxy */;
		};
		64842B0329673E4E002C6A35 /* PBXTargetDependency */ = {
			isa = PBXTargetDependency;
			target = 64842AE629673E4C002C6A35 /* PokeShuffle */;
			targetProxy = 64842B0229673E4E002C6A35 /* PBXContainerItemProxy */;
		};
/* End PBXTargetDependency section */

/* Begin XCBuildConfiguration section */
		64842B0929673E4E002C6A35 /* Debug */ = {
			isa = XCBuildConfiguration;
			buildSettings = {
				ALWAYS_SEARCH_USER_PATHS = NO;
				CLANG_ANALYZER_NONNULL = YES;
				CLANG_ANALYZER_NUMBER_OBJECT_CONVERSION = YES_AGGRESSIVE;
				CLANG_CXX_LANGUAGE_STANDARD = "gnu++20";
				CLANG_ENABLE_MODULES = YES;
				CLANG_ENABLE_OBJC_ARC = YES;
				CLANG_ENABLE_OBJC_WEAK = YES;
				CLANG_WARN_BLOCK_CAPTURE_AUTORELEASING = YES;
				CLANG_WARN_BOOL_CONVERSION = YES;
				CLANG_WARN_COMMA = YES;
				CLANG_WARN_CONSTANT_CONVERSION = YES;
				CLANG_WARN_DEPRECATED_OBJC_IMPLEMENTATIONS = YES;
				CLANG_WARN_DIRECT_OBJC_ISA_USAGE = YES_ERROR;
				CLANG_WARN_DOCUMENTATION_COMMENTS = YES;
				CLANG_WARN_EMPTY_BODY = YES;
				CLANG_WARN_ENUM_CONVERSION = YES;
				CLANG_WARN_INFINITE_RECURSION = YES;
				CLANG_WARN_INT_CONVERSION = YES;
				CLANG_WARN_NON_LITERAL_NULL_CONVERSION = YES;
				CLANG_WARN_OBJC_IMPLICIT_RETAIN_SELF = YES;
				CLANG_WARN_OBJC_LITERAL_CONVERSION = YES;
				CLANG_WARN_OBJC_ROOT_CLASS = YES_ERROR;
				CLANG_WARN_QUOTED_INCLUDE_IN_FRAMEWORK_HEADER = YES;
				CLANG_WARN_RANGE_LOOP_ANALYSIS = YES;
				CLANG_WARN_STRICT_PROTOTYPES = YES;
				CLANG_WARN_SUSPICIOUS_MOVE = YES;
				CLANG_WARN_UNGUARDED_AVAILABILITY = YES_AGGRESSIVE;
				CLANG_WARN_UNREACHABLE_CODE = YES;
				CLANG_WARN__DUPLICATE_METHOD_MATCH = YES;
				COPY_PHASE_STRIP = NO;
				DEBUG_INFORMATION_FORMAT = dwarf;
				ENABLE_STRICT_OBJC_MSGSEND = YES;
				ENABLE_TESTABILITY = YES;
				GCC_C_LANGUAGE_STANDARD = gnu11;
				GCC_DYNAMIC_NO_PIC = NO;
				GCC_NO_COMMON_BLOCKS = YES;
				GCC_OPTIMIZATION_LEVEL = 0;
				GCC_PREPROCESSOR_DEFINITIONS = (
					"DEBUG=1",
					"$(inherited)",
				);
				GCC_WARN_64_TO_32_BIT_CONVERSION = YES;
				GCC_WARN_ABOUT_RETURN_TYPE = YES_ERROR;
				GCC_WARN_UNDECLARED_SELECTOR = YES;
				GCC_WARN_UNINITIALIZED_AUTOS = YES_AGGRESSIVE;
				GCC_WARN_UNUSED_FUNCTION = YES;
				GCC_WARN_UNUSED_VARIABLE = YES;
				IPHONEOS_DEPLOYMENT_TARGET = 16.2;
				MTL_ENABLE_DEBUG_INFO = INCLUDE_SOURCE;
				MTL_FAST_MATH = YES;
				ONLY_ACTIVE_ARCH = YES;
				SDKROOT = iphoneos;
				SWIFT_ACTIVE_COMPILATION_CONDITIONS = DEBUG;
				SWIFT_OPTIMIZATION_LEVEL = "-Onone";
			};
			name = Debug;
		};
		64842B0A29673E4E002C6A35 /* Release */ = {
			isa = XCBuildConfiguration;
			buildSettings = {
				ALWAYS_SEARCH_USER_PATHS = NO;
				CLANG_ANALYZER_NONNULL = YES;
				CLANG_ANALYZER_NUMBER_OBJECT_CONVERSION = YES_AGGRESSIVE;
				CLANG_CXX_LANGUAGE_STANDARD = "gnu++20";
				CLANG_ENABLE_MODULES = YES;
				CLANG_ENABLE_OBJC_ARC = YES;
				CLANG_ENABLE_OBJC_WEAK = YES;
				CLANG_WARN_BLOCK_CAPTURE_AUTORELEASING = YES;
				CLANG_WARN_BOOL_CONVERSION = YES;
				CLANG_WARN_COMMA = YES;
				CLANG_WARN_CONSTANT_CONVERSION = YES;
				CLANG_WARN_DEPRECATED_OBJC_IMPLEMENTATIONS = YES;
				CLANG_WARN_DIRECT_OBJC_ISA_USAGE = YES_ERROR;
				CLANG_WARN_DOCUMENTATION_COMMENTS = YES;
				CLANG_WARN_EMPTY_BODY = YES;
				CLANG_WARN_ENUM_CONVERSION = YES;
				CLANG_WARN_INFINITE_RECURSION = YES;
				CLANG_WARN_INT_CONVERSION = YES;
				CLANG_WARN_NON_LITERAL_NULL_CONVERSION = YES;
				CLANG_WARN_OBJC_IMPLICIT_RETAIN_SELF = YES;
				CLANG_WARN_OBJC_LITERAL_CONVERSION = YES;
				CLANG_WARN_OBJC_ROOT_CLASS = YES_ERROR;
				CLANG_WARN_QUOTED_INCLUDE_IN_FRAMEWORK_HEADER = YES;
				CLANG_WARN_RANGE_LOOP_ANALYSIS = YES;
				CLANG_WARN_STRICT_PROTOTYPES = YES;
				CLANG_WARN_SUSPICIOUS_MOVE = YES;
				CLANG_WARN_UNGUARDED_AVAILABILITY = YES_AGGRESSIVE;
				CLANG_WARN_UNREACHABLE_CODE = YES;
				CLANG_WARN__DUPLICATE_METHOD_MATCH = YES;
				COPY_PHASE_STRIP = NO;
				DEBUG_INFORMATION_FORMAT = "dwarf-with-dsym";
				ENABLE_NS_ASSERTIONS = NO;
				ENABLE_STRICT_OBJC_MSGSEND = YES;
				GCC_C_LANGUAGE_STANDARD = gnu11;
				GCC_NO_COMMON_BLOCKS = YES;
				GCC_WARN_64_TO_32_BIT_CONVERSION = YES;
				GCC_WARN_ABOUT_RETURN_TYPE = YES_ERROR;
				GCC_WARN_UNDECLARED_SELECTOR = YES;
				GCC_WARN_UNINITIALIZED_AUTOS = YES_AGGRESSIVE;
				GCC_WARN_UNUSED_FUNCTION = YES;
				GCC_WARN_UNUSED_VARIABLE = YES;
				IPHONEOS_DEPLOYMENT_TARGET = 16.2;
				MTL_ENABLE_DEBUG_INFO = NO;
				MTL_FAST_MATH = YES;
				SDKROOT = iphoneos;
				SWIFT_COMPILATION_MODE = wholemodule;
				SWIFT_OPTIMIZATION_LEVEL = "-O";
				VALIDATE_PRODUCT = YES;
			};
			name = Release;
		};
		64842B0C29673E4E002C6A35 /* Debug */ = {
			isa = XCBuildConfiguration;
			buildSettings = {
				ASSETCATALOG_COMPILER_APPICON_NAME = AppIcon;
				ASSETCATALOG_COMPILER_GLOBAL_ACCENT_COLOR_NAME = AccentColor;
				CODE_SIGN_STYLE = Automatic;
				CURRENT_PROJECT_VERSION = 1;
				DEVELOPMENT_ASSET_PATHS = "\"PokeShuffle/Preview Content\"";
				DEVELOPMENT_TEAM = 4KXBPAS98J;
				ENABLE_PREVIEWS = YES;
				GENERATE_INFOPLIST_FILE = YES;
				INFOPLIST_KEY_UIApplicationSceneManifest_Generation = YES;
				INFOPLIST_KEY_UIApplicationSupportsIndirectInputEvents = YES;
				INFOPLIST_KEY_UILaunchScreen_Generation = YES;
				INFOPLIST_KEY_UISupportedInterfaceOrientations_iPad = "UIInterfaceOrientationPortrait UIInterfaceOrientationPortraitUpsideDown UIInterfaceOrientationLandscapeLeft UIInterfaceOrientationLandscapeRight";
				INFOPLIST_KEY_UISupportedInterfaceOrientations_iPhone = "UIInterfaceOrientationPortrait UIInterfaceOrientationLandscapeLeft UIInterfaceOrientationLandscapeRight";
				LD_RUNPATH_SEARCH_PATHS = (
					"$(inherited)",
					"@executable_path/Frameworks",
				);
				MARKETING_VERSION = 1.0;
				PRODUCT_BUNDLE_IDENTIFIER = com.frodude247.PokeShuffle;
				PRODUCT_NAME = "$(TARGET_NAME)";
				SWIFT_EMIT_LOC_STRINGS = YES;
				SWIFT_VERSION = 5.0;
				TARGETED_DEVICE_FAMILY = "1,2";
			};
			name = Debug;
		};
		64842B0D29673E4E002C6A35 /* Release */ = {
			isa = XCBuildConfiguration;
			buildSettings = {
				ASSETCATALOG_COMPILER_APPICON_NAME = AppIcon;
				ASSETCATALOG_COMPILER_GLOBAL_ACCENT_COLOR_NAME = AccentColor;
				CODE_SIGN_STYLE = Automatic;
				CURRENT_PROJECT_VERSION = 1;
				DEVELOPMENT_ASSET_PATHS = "\"PokeShuffle/Preview Content\"";
				DEVELOPMENT_TEAM = 4KXBPAS98J;
				ENABLE_PREVIEWS = YES;
				GENERATE_INFOPLIST_FILE = YES;
				INFOPLIST_KEY_UIApplicationSceneManifest_Generation = YES;
				INFOPLIST_KEY_UIApplicationSupportsIndirectInputEvents = YES;
				INFOPLIST_KEY_UILaunchScreen_Generation = YES;
				INFOPLIST_KEY_UISupportedInterfaceOrientations_iPad = "UIInterfaceOrientationPortrait UIInterfaceOrientationPortraitUpsideDown UIInterfaceOrientationLandscapeLeft UIInterfaceOrientationLandscapeRight";
				INFOPLIST_KEY_UISupportedInterfaceOrientations_iPhone = "UIInterfaceOrientationPortrait UIInterfaceOrientationLandscapeLeft UIInterfaceOrientationLandscapeRight";
				LD_RUNPATH_SEARCH_PATHS = (
					"$(inherited)",
					"@executable_path/Frameworks",
				);
				MARKETING_VERSION = 1.0;
				PRODUCT_BUNDLE_IDENTIFIER = com.frodude247.PokeShuffle;
				PRODUCT_NAME = "$(TARGET_NAME)";
				SWIFT_EMIT_LOC_STRINGS = YES;
				SWIFT_VERSION = 5.0;
				TARGETED_DEVICE_FAMILY = "1,2";
			};
			name = Release;
		};
		64842B0F29673E4E002C6A35 /* Debug */ = {
			isa = XCBuildConfiguration;
			buildSettings = {
				ALWAYS_EMBED_SWIFT_STANDARD_LIBRARIES = YES;
				BUNDLE_LOADER = "$(TEST_HOST)";
				CODE_SIGN_STYLE = Automatic;
				CURRENT_PROJECT_VERSION = 1;
				DEVELOPMENT_TEAM = 4KXBPAS98J;
				GENERATE_INFOPLIST_FILE = YES;
				IPHONEOS_DEPLOYMENT_TARGET = 16.2;
				MARKETING_VERSION = 1.0;
				PRODUCT_BUNDLE_IDENTIFIER = com.frodude247.PokeShuffleTests;
				PRODUCT_NAME = "$(TARGET_NAME)";
				SWIFT_EMIT_LOC_STRINGS = NO;
				SWIFT_VERSION = 5.0;
				TARGETED_DEVICE_FAMILY = "1,2";
				TEST_HOST = "$(BUILT_PRODUCTS_DIR)/PokeShuffle.app/$(BUNDLE_EXECUTABLE_FOLDER_PATH)/PokeShuffle";
			};
			name = Debug;
		};
		64842B1029673E4E002C6A35 /* Release */ = {
			isa = XCBuildConfiguration;
			buildSettings = {
				ALWAYS_EMBED_SWIFT_STANDARD_LIBRARIES = YES;
				BUNDLE_LOADER = "$(TEST_HOST)";
				CODE_SIGN_STYLE = Automatic;
				CURRENT_PROJECT_VERSION = 1;
				DEVELOPMENT_TEAM = 4KXBPAS98J;
				GENERATE_INFOPLIST_FILE = YES;
				IPHONEOS_DEPLOYMENT_TARGET = 16.2;
				MARKETING_VERSION = 1.0;
				PRODUCT_BUNDLE_IDENTIFIER = com.frodude247.PokeShuffleTests;
				PRODUCT_NAME = "$(TARGET_NAME)";
				SWIFT_EMIT_LOC_STRINGS = NO;
				SWIFT_VERSION = 5.0;
				TARGETED_DEVICE_FAMILY = "1,2";
				TEST_HOST = "$(BUILT_PRODUCTS_DIR)/PokeShuffle.app/$(BUNDLE_EXECUTABLE_FOLDER_PATH)/PokeShuffle";
			};
			name = Release;
		};
		64842B1229673E4E002C6A35 /* Debug */ = {
			isa = XCBuildConfiguration;
			buildSettings = {
				ALWAYS_EMBED_SWIFT_STANDARD_LIBRARIES = YES;
				CODE_SIGN_STYLE = Automatic;
				CURRENT_PROJECT_VERSION = 1;
				DEVELOPMENT_TEAM = 4KXBPAS98J;
				GENERATE_INFOPLIST_FILE = YES;
				MARKETING_VERSION = 1.0;
				PRODUCT_BUNDLE_IDENTIFIER = com.frodude247.PokeShuffleUITests;
				PRODUCT_NAME = "$(TARGET_NAME)";
				SWIFT_EMIT_LOC_STRINGS = NO;
				SWIFT_VERSION = 5.0;
				TARGETED_DEVICE_FAMILY = "1,2";
				TEST_TARGET_NAME = PokeShuffle;
			};
			name = Debug;
		};
		64842B1329673E4E002C6A35 /* Release */ = {
			isa = XCBuildConfiguration;
			buildSettings = {
				ALWAYS_EMBED_SWIFT_STANDARD_LIBRARIES = YES;
				CODE_SIGN_STYLE = Automatic;
				CURRENT_PROJECT_VERSION = 1;
				DEVELOPMENT_TEAM = 4KXBPAS98J;
				GENERATE_INFOPLIST_FILE = YES;
				MARKETING_VERSION = 1.0;
				PRODUCT_BUNDLE_IDENTIFIER = com.frodude247.PokeShuffleUITests;
				PRODUCT_NAME = "$(TARGET_NAME)";
				SWIFT_EMIT_LOC_STRINGS = NO;
				SWIFT_VERSION = 5.0;
				TARGETED_DEVICE_FAMILY = "1,2";
				TEST_TARGET_NAME = PokeShuffle;
			};
			name = Release;
		};
/* End XCBuildConfiguration section */

/* Begin XCConfigurationList section */
		64842AE229673E4C002C6A35 /* Build configuration list for PBXProject "PokeShuffle" */ = {
			isa = XCConfigurationList;
			buildConfigurations = (
				64842B0929673E4E002C6A35 /* Debug */,
				64842B0A29673E4E002C6A35 /* Release */,
			);
			defaultConfigurationIsVisible = 0;
			defaultConfigurationName = Release;
		};
		64842B0B29673E4E002C6A35 /* Build configuration list for PBXNativeTarget "PokeShuffle" */ = {
			isa = XCConfigurationList;
			buildConfigurations = (
				64842B0C29673E4E002C6A35 /* Debug */,
				64842B0D29673E4E002C6A35 /* Release */,
			);
			defaultConfigurationIsVisible = 0;
			defaultConfigurationName = Release;
		};
		64842B0E29673E4E002C6A35 /* Build configuration list for PBXNativeTarget "PokeShuffleTests" */ = {
			isa = XCConfigurationList;
			buildConfigurations = (
				64842B0F29673E4E002C6A35 /* Debug */,
				64842B1029673E4E002C6A35 /* Release */,
			);
			defaultConfigurationIsVisible = 0;
			defaultConfigurationName = Release;
		};
		64842B1129673E4E002C6A35 /* Build configuration list for PBXNativeTarget "PokeShuffleUITests" */ = {
			isa = XCConfigurationList;
			buildConfigurations = (
				64842B1229673E4E002C6A35 /* Debug */,
				64842B1329673E4E002C6A35 /* Release */,
			);
			defaultConfigurationIsVisible = 0;
			defaultConfigurationName = Release;
		};
/* End XCConfigurationList section */

/* Begin XCRemoteSwiftPackageReference section */
		64842B14296755CC002C6A35 /* XCRemoteSwiftPackageReference "PokemonAPI" */ = {
			isa = XCRemoteSwiftPackageReference;
			repositoryURL = "https://github.com/kinkofer/PokemonAPI";
			requirement = {
				kind = upToNextMajorVersion;
				minimumVersion = 6.0.0;
			};
		};
/* End XCRemoteSwiftPackageReference section */

/* Begin XCSwiftPackageProductDependency section */
		64842B15296755CC002C6A35 /* PokemonAPI */ = {
			isa = XCSwiftPackageProductDependency;
			package = 64842B14296755CC002C6A35 /* XCRemoteSwiftPackageReference "PokemonAPI" */;
			productName = PokemonAPI;
		};
/* End XCSwiftPackageProductDependency section */
	};
	rootObject = 64842ADF29673E4C002C6A35 /* Project object */;
}
